
Microsoft Visual Studio Solution File, Format Version 12.00
# Visual Studio Version 17
VisualStudioVersion = 17.3.32929.385
MinimumVisualStudioVersion = 10.0.40219.1
Project("{FAE04EC0-301F-11D3-BF4B-00C04F79EFBC}") = "SqlServerDemo", "SqlServerDemo\SqlServerDemo.csproj", "{77FA1372-2C43-4F69-A734-B345C3469919}"
EndProject
Global
	GlobalSection(SolutionConfigurationPlatforms) = preSolution
		Debug|Any CPU = Debug|Any CPU
		Release|Any CPU = Release|Any CPU
	EndGlobalSection
	GlobalSection(ProjectConfigurationPlatforms) = postSolution
		{77FA1372-2C43-4F69-A734-B345C3469919}.Debug|Any CPU.ActiveCfg = Debug|Any CPU
		{77FA1372-2C43-4F69-A734-B345C3469919}.Debug|Any CPU.Build.0 = Debug|Any CPU
		{77FA1372-2C43-4F69-A734-B345C3469919}.Release|Any CPU.ActiveCfg = Release|Any CPU
		{77FA1372-2C43-4F69-A734-B345C3469919}.Release|Any CPU.Build.0 = Release|Any CPU
	EndGlobalSection
	GlobalSection(SolutionProperties) = preSolution
		HideSolutionNode = FALSE
	EndGlobalSection
	GlobalSection(ExtensibilityGlobals) = postSolution
		SolutionGuid = {2A394394-F1A5-44F6-899D-161C3AC60FEF}
	EndGlobalSection
EndGlobal
